PODS:
  - Flutter (1.0.0)
  - flutter_inapp_purchase (0.0.1):
    - Flutter
    - openiap (= 1.1.12)
  - openiap (1.1.12)

DEPENDENCIES:
  - Flutter (from `Flutter`)
  - flutter_inapp_purchase (from `.symlinks/plugins/flutter_inapp_purchase/ios`)
  - openiap (from `https://github.com/hyodotdev/openiap-apple.git`, tag `1.1.12`)

EXTERNAL SOURCES:
  Flutter:
    :path: Flutter
  flutter_inapp_purchase:
    :path: ".symlinks/plugins/flutter_inapp_purchase/ios"
  openiap:
    :git: https://github.com/hyodotdev/openiap-apple.git
    :tag: 1.1.12

CHECKOUT OPTIONS:
  openiap:
    :git: https://github.com/hyodotdev/openiap-apple.git
    :tag: 1.1.12

SPEC CHECKSUMS:
  Flutter: cabc95a1d2626b1b06e7179b784ebcf0c0cde467
  flutter_inapp_purchase: 7bed2a5341e2b14414f65b9b76edb4405991b20d
  openiap: e207e50cc83dc28cd00c3701421a12eacdbd163a

PODFILE CHECKSUM: 9446ef2faab77e656d46b3aaf8938ab324919b93

COCOAPODS: 1.16.2
