PODS:
  - Flutter (1.0.0)
  - flutter_inapp_purchase (0.0.1):
    - Flutter

DEPENDENCIES:
  - Flutter (from `Flutter`)
  - flutter_inapp_purchase (from `.symlinks/plugins/flutter_inapp_purchase/ios`)

EXTERNAL SOURCES:
  Flutter:
    :path: Flutter
  flutter_inapp_purchase:
    :path: ".symlinks/plugins/flutter_inapp_purchase/ios"

SPEC CHECKSUMS:
  Flutter: e0871f40cf51350855a761d2e70bf5af5b9b5de7
  flutter_inapp_purchase: b1b37418eb3ef7070a998350cd4e19b4c71d1b46

PODFILE CHECKSUM: 306f93546563c7e42fc04f6eb74037add2119f17

COCOAPODS: 1.16.2
