PODS:
  - Flutter (1.0.0)
  - flutter_inapp_purchase (0.0.1):
    - Flutter
    - openiap (~> 1.1.6)
  - openiap (1.1.6)

DEPENDENCIES:
  - Flutter (from `Flutter`)
  - flutter_inapp_purchase (from `.symlinks/plugins/flutter_inapp_purchase/ios`)

SPEC REPOS:
  trunk:
    - openiap

EXTERNAL SOURCES:
  Flutter:
    :path: Flutter
  flutter_inapp_purchase:
    :path: ".symlinks/plugins/flutter_inapp_purchase/ios"

SPEC CHECKSUMS:
  Flutter: cabc95a1d2626b1b06e7179b784ebcf0c0cde467
  flutter_inapp_purchase: e7e4056230ab935689481c2697b0ef595536fc98
  openiap: 973491c3db7a77a827e99a3483009760c1caf714

PODFILE CHECKSUM: 306f93546563c7e42fc04f6eb74037add2119f17

COCOAPODS: 1.16.2
