PODS:
  - flutter_inapp_purchase (0.0.1):
    - FlutterMacOS
    - openiap (= 1.3.10)
  - FlutterMacOS (1.0.0)
  - openiap (1.3.10)

DEPENDENCIES:
  - flutter_inapp_purchase (from `Flutter/ephemeral/.symlinks/plugins/flutter_inapp_purchase/macos`)
  - FlutterMacOS (from `Flutter/ephemeral`)

SPEC REPOS:
  trunk:
    - openiap

EXTERNAL SOURCES:
  flutter_inapp_purchase:
    :path: Flutter/ephemeral/.symlinks/plugins/flutter_inapp_purchase/macos
  FlutterMacOS:
    :path: Flutter/ephemeral

SPEC CHECKSUMS:
  flutter_inapp_purchase: dd713005a14374b387ecbf0e7d4e37b430b8532d
  FlutterMacOS: d0db08ddef1a9af05a5ec4b724367152bb0500b1
  openiap: ab4ecc6d04e3fa65c8410bca9d3a05a37be0f108

PODFILE CHECKSUM: f2a33f3e0cdc1c5472dfe6ef17e073d2d248e0b5

COCOAPODS: 1.16.2
